
Microsoft Visual Studio Solution File, Format Version 12.00
# Visual Studio Version 17
VisualStudioVersion = 17.10.35027.167
MinimumVisualStudioVersion = 10.0.40219.1
Project("{FAE04EC0-301F-11D3-BF4B-00C04F79EFBC}") = "TAREA EXTRACLASE II", "TAREA EXTRACLASE II\TAREA EXTRACLASE II.csproj", "{495ACCB4-FAFF-4BFC-991C-9B87ADC478B7}"
EndProject
Project("{FAE04EC0-301F-11D3-BF4B-00C04F79EFBC}") = "TAREA EXTRACLASE II MStest", "TAREA EXTRACLASE II MStest\TAREA EXTRACLASE II MStest.csproj", "{9B5ED0A7-7D25-4AAC-9ACD-E1242A43E683}"
EndProject
Global
	GlobalSection(SolutionConfigurationPlatforms) = preSolution
		Debug|Any CPU = Debug|Any CPU
		Release|Any CPU = Release|Any CPU
	EndGlobalSection
	GlobalSection(ProjectConfigurationPlatforms) = postSolution
		{495ACCB4-FAFF-4BFC-991C-9B87ADC478B7}.Debug|Any CPU.ActiveCfg = Debug|Any CPU
		{495ACCB4-FAFF-4BFC-991C-9B87ADC478B7}.Debug|Any CPU.Build.0 = Debug|Any CPU
		{495ACCB4-FAFF-4BFC-991C-9B87ADC478B7}.Release|Any CPU.ActiveCfg = Release|Any CPU
		{495ACCB4-FAFF-4BFC-991C-9B87ADC478B7}.Release|Any CPU.Build.0 = Release|Any CPU
		{9B5ED0A7-7D25-4AAC-9ACD-E1242A43E683}.Debug|Any CPU.ActiveCfg = Debug|Any CPU
		{9B5ED0A7-7D25-4AAC-9ACD-E1242A43E683}.Debug|Any CPU.Build.0 = Debug|Any CPU
		{9B5ED0A7-7D25-4AAC-9ACD-E1242A43E683}.Release|Any CPU.ActiveCfg = Release|Any CPU
		{9B5ED0A7-7D25-4AAC-9ACD-E1242A43E683}.Release|Any CPU.Build.0 = Release|Any CPU
	EndGlobalSection
	GlobalSection(SolutionProperties) = preSolution
		HideSolutionNode = FALSE
	EndGlobalSection
	GlobalSection(ExtensibilityGlobals) = postSolution
		SolutionGuid = {A1644DEF-7C31-4E98-A04A-3F4E96937FB3}
	EndGlobalSection
EndGlobal
